
Microsoft Visual Studio Solution File, Format Version 12.00
# Visual Studio Version 17
VisualStudioVersion = 17.7.34031.279
MinimumVisualStudioVersion = 10.0.40219.1
Project("{FAE04EC0-301F-11D3-BF4B-00C04F79EFBC}") = "Notifications.Bll", "Notifications.Bll\Notifications.Bll.csproj", "{55A13B37-DC2A-4B7D-A0E2-016829CCF9E1}"
EndProject
Project("{FAE04EC0-301F-11D3-BF4B-00C04F79EFBC}") = "Notifications.Api", "Notifications.Api\Notifications.Api.csproj", "{9D925684-1895-4EC2-B881-B45B51A66532}"
EndProject
Global
	GlobalSection(SolutionConfigurationPlatforms) = preSolution
		Debug|Any CPU = Debug|Any CPU
		Release|Any CPU = Release|Any CPU
	EndGlobalSection
	GlobalSection(ProjectConfigurationPlatforms) = postSolution
		{55A13B37-DC2A-4B7D-A0E2-016829CCF9E1}.Debug|Any CPU.ActiveCfg = Debug|Any CPU
		{55A13B37-DC2A-4B7D-A0E2-016829CCF9E1}.Debug|Any CPU.Build.0 = Debug|Any CPU
		{55A13B37-DC2A-4B7D-A0E2-016829CCF9E1}.Release|Any CPU.ActiveCfg = Release|Any CPU
		{55A13B37-DC2A-4B7D-A0E2-016829CCF9E1}.Release|Any CPU.Build.0 = Release|Any CPU
		{9D925684-1895-4EC2-B881-B45B51A66532}.Debug|Any CPU.ActiveCfg = Debug|Any CPU
		{9D925684-1895-4EC2-B881-B45B51A66532}.Debug|Any CPU.Build.0 = Debug|Any CPU
		{9D925684-1895-4EC2-B881-B45B51A66532}.Release|Any CPU.ActiveCfg = Release|Any CPU
		{9D925684-1895-4EC2-B881-B45B51A66532}.Release|Any CPU.Build.0 = Release|Any CPU
	EndGlobalSection
	GlobalSection(SolutionProperties) = preSolution
		HideSolutionNode = FALSE
	EndGlobalSection
	GlobalSection(ExtensibilityGlobals) = postSolution
		SolutionGuid = {D7E37071-9C5A-470E-B083-21ABC5411593}
	EndGlobalSection
EndGlobal
